
Microsoft Visual Studio Solution File, Format Version 12.00
# Visual Studio Version 17
VisualStudioVersion = 17.5.002.0
MinimumVisualStudioVersion = 10.0.40219.1
Project("{9A19103F-16F7-4668-BE54-9A1E7A4F7556}") = "dotnet8-webapp", "dotnet8-webapp.csproj", "{F41E1755-EEB9-43EA-A5B4-2BBE54ED253D}"
EndProject
Global
	GlobalSection(SolutionConfigurationPlatforms) = preSolution
		Debug|Any CPU = Debug|Any CPU
		Release|Any CPU = Release|Any CPU
	EndGlobalSection
	GlobalSection(ProjectConfigurationPlatforms) = postSolution
		{F41E1755-EEB9-43EA-A5B4-2BBE54ED253D}.Debug|Any CPU.ActiveCfg = Debug|Any CPU
		{F41E1755-EEB9-43EA-A5B4-2BBE54ED253D}.Debug|Any CPU.Build.0 = Debug|Any CPU
		{F41E1755-EEB9-43EA-A5B4-2BBE54ED253D}.Release|Any CPU.ActiveCfg = Release|Any CPU
		{F41E1755-EEB9-43EA-A5B4-2BBE54ED253D}.Release|Any CPU.Build.0 = Release|Any CPU
	EndGlobalSection
	GlobalSection(SolutionProperties) = preSolution
		HideSolutionNode = FALSE
	EndGlobalSection
	GlobalSection(ExtensibilityGlobals) = postSolution
		SolutionGuid = {68B3BEC5-B2D2-4062-B234-28854232B1AF}
	EndGlobalSection
EndGlobal
